
Microsoft Visual Studio Solution File, Format Version 12.00
# Visual Studio Version 17
VisualStudioVersion = 17.11.35222.181
MinimumVisualStudioVersion = 10.0.40219.1
Project("{FAE04EC0-301F-11D3-BF4B-00C04F79EFBC}") = "Week8EpicGame", "Week8EpicGame\Week8EpicGame.csproj", "{4BCCB254-30C5-450C-91C1-E72022ECEAF8}"
EndProject
Global
	GlobalSection(SolutionConfigurationPlatforms) = preSolution
		Debug|Any CPU = Debug|Any CPU
		Release|Any CPU = Release|Any CPU
	EndGlobalSection
	GlobalSection(ProjectConfigurationPlatforms) = postSolution
		{4BCCB254-30C5-450C-91C1-E72022ECEAF8}.Debug|Any CPU.ActiveCfg = Debug|Any CPU
		{4BCCB254-30C5-450C-91C1-E72022ECEAF8}.Debug|Any CPU.Build.0 = Debug|Any CPU
		{4BCCB254-30C5-450C-91C1-E72022ECEAF8}.Release|Any CPU.ActiveCfg = Release|Any CPU
		{4BCCB254-30C5-450C-91C1-E72022ECEAF8}.Release|Any CPU.Build.0 = Release|Any CPU
	EndGlobalSection
	GlobalSection(SolutionProperties) = preSolution
		HideSolutionNode = FALSE
	EndGlobalSection
	GlobalSection(ExtensibilityGlobals) = postSolution
		SolutionGuid = {F6E4EA1A-F1CF-4B6B-BC68-30610927C66A}
	EndGlobalSection
EndGlobal
